
Microsoft Visual Studio Solution File, Format Version 12.00
# Visual Studio Version 16
VisualStudioVersion = 16.0.29123.89
MinimumVisualStudioVersion = 10.0.40219.1
Project("{FAE04EC0-301F-11D3-BF4B-00C04F79EFBC}") = "BrainBoostBreak.Server", "BrainBoostBreak.Server\BrainBoostBreak.Server.csproj", "{C4D9F438-2B1A-4C33-A920-CDCAEA7C5E5F}"
EndProject
Project("{FAE04EC0-301F-11D3-BF4B-00C04F79EFBC}") = "BrainBoostBreak.Client", "BrainBoostBreak.Client\BrainBoostBreak.Client.csproj", "{9676D131-4653-41BB-AB3A-5A84C4043899}"
EndProject
Project("{FAE04EC0-301F-11D3-BF4B-00C04F79EFBC}") = "BrainBoostBreak.Shared", "BrainBoostBreak.Shared\BrainBoostBreak.Shared.csproj", "{2C6710DD-EB5C-4782-BB47-89228001E8E1}"
EndProject
Global
	GlobalSection(SolutionConfigurationPlatforms) = preSolution
		Debug|Any CPU = Debug|Any CPU
		Release|Any CPU = Release|Any CPU
	EndGlobalSection
	GlobalSection(ProjectConfigurationPlatforms) = postSolution
		{C4D9F438-2B1A-4C33-A920-CDCAEA7C5E5F}.Debug|Any CPU.ActiveCfg = Debug|Any CPU
		{C4D9F438-2B1A-4C33-A920-CDCAEA7C5E5F}.Debug|Any CPU.Build.0 = Debug|Any CPU
		{C4D9F438-2B1A-4C33-A920-CDCAEA7C5E5F}.Release|Any CPU.ActiveCfg = Release|Any CPU
		{C4D9F438-2B1A-4C33-A920-CDCAEA7C5E5F}.Release|Any CPU.Build.0 = Release|Any CPU
		{9676D131-4653-41BB-AB3A-5A84C4043899}.Debug|Any CPU.ActiveCfg = Debug|Any CPU
		{9676D131-4653-41BB-AB3A-5A84C4043899}.Debug|Any CPU.Build.0 = Debug|Any CPU
		{9676D131-4653-41BB-AB3A-5A84C4043899}.Release|Any CPU.ActiveCfg = Release|Any CPU
		{9676D131-4653-41BB-AB3A-5A84C4043899}.Release|Any CPU.Build.0 = Release|Any CPU
		{2C6710DD-EB5C-4782-BB47-89228001E8E1}.Debug|Any CPU.ActiveCfg = Debug|Any CPU
		{2C6710DD-EB5C-4782-BB47-89228001E8E1}.Debug|Any CPU.Build.0 = Debug|Any CPU
		{2C6710DD-EB5C-4782-BB47-89228001E8E1}.Release|Any CPU.ActiveCfg = Release|Any CPU
		{2C6710DD-EB5C-4782-BB47-89228001E8E1}.Release|Any CPU.Build.0 = Release|Any CPU
	EndGlobalSection
	GlobalSection(SolutionProperties) = preSolution
		HideSolutionNode = FALSE
	EndGlobalSection
	GlobalSection(ExtensibilityGlobals) = postSolution
		SolutionGuid = {67CDC11E-7665-40FE-82FB-4D80B4F355D7}
	EndGlobalSection
EndGlobal
